# This file was autogenerated by Stack.
# You should not edit this file by hand.
# For more information, please see the documentation at:
#   https://docs.haskellstack.org/en/stable/lock_files

packages:
- completed:
    name: core-hbot
    version: 0.1.0.0
    git: https://github.com/GregoryGhost/core-hbot.git
    pantry-tree:
      size: 754
      sha256: d0ddb627bd6303a42caa5f348e3cf5c6524e12c5cbf76c46d45ad8461d911132
    commit: c698cf783056597b040dd34d114c5d0e716279bd
  original:
    git: https://github.com/GregoryGhost/core-hbot.git
    commit: c698cf783056597b040dd34d114c5d0e716279bd
- completed:
    hackage: deriving-aeson-0.2.6@sha256:f510b7bcd4e2bf714abf439d992da8a2eea82b9ad0461e2dbc9f3c8ccd948c15,1277
    pantry-tree:
      size: 441
      sha256: 5354f0be689a844f8305cb9b27b01f2e9aad9a9bcae767cab86a6be1a5a885a6
  original:
    hackage: deriving-aeson-0.2.6
- completed:
    hackage: datetime-0.3.1@sha256:7e275bd0ce7a2f66445bedfa0006abaf4d41af4c2204c3f8004c17eab5480e74,1534
    pantry-tree:
      size: 334
      sha256: d41d182c143676464cb1774f0b7777e870ddeaf8b6cd5fee6ff0114997a1f504
  original:
    hackage: datetime-0.3.1
snapshots:
- completed:
    size: 493124
    url: https://raw.githubusercontent.com/commercialhaskell/stackage-snapshots/master/lts/15/10.yaml
    sha256: 48bc6d1d59224a5166265ef6cdda6a512f29ecc8ef7331826312b82377e89507
  original: lts-15.10
