# This file was autogenerated by Stack.
# You should not edit this file by hand.
# For more information, please see the documentation at:
#   https://docs.haskellstack.org/en/stable/lock_files

packages:
- completed:
    cabal-file:
      size: 2158
      sha256: 8fbbd03f06b7c8f413b927d94203814a0045c4f8a2151616dacf625e20902b02
    name: core-hbot
    version: 0.1.0.0
    git: https://github.com/GregoryGhost/core-hbot.git
    pantry-tree:
      size: 754
      sha256: d0ddb627bd6303a42caa5f348e3cf5c6524e12c5cbf76c46d45ad8461d911132
    commit: c698cf783056597b040dd34d114c5d0e716279bd
  original:
    git: https://github.com/GregoryGhost/core-hbot.git
    commit: c698cf783056597b040dd34d114c5d0e716279bd
snapshots:
- completed:
    size: 493124
    url: https://raw.githubusercontent.com/commercialhaskell/stackage-snapshots/master/lts/15/10.yaml
    sha256: 48bc6d1d59224a5166265ef6cdda6a512f29ecc8ef7331826312b82377e89507
  original: lts-15.10
